// !$*UTF8*$!
{
	archiveVersion = 1;
	classes = {
	};
	objectVersion = 50;
	objects = {

/* Begin PBXBuildFile section */
		1A2A6FEC207396C300B4A783 /* AppDelegate.swift in Sources */ = {isa = PBXBuildFile; fileRef = 1A2A6FEB207396C300B4A783 /* AppDelegate.swift */; };
		1A2A6FEE207396C300B4A783 /* FilesTableViewController.swift in Sources */ = {isa = PBXBuildFile; fileRef = 1A2A6FED207396C300B4A783 /* FilesTableViewController.swift */; };
		1A2A6FF1207396C300B4A783 /* Main.storyboard in Resources */ = {isa = PBXBuildFile; fileRef = 1A2A6FEF207396C300B4A783 /* Main.storyboard */; };
		1A2A6FF4207396C300B4A783 /* PracticeBuddy.xcdatamodeld in Sources */ = {isa = PBXBuildFile; fileRef = 1A2A6FF2207396C300B4A783 /* PracticeBuddy.xcdatamodeld */; };
		1A2A6FF6207396C400B4A783 /* Assets.xcassets in Resources */ = {isa = PBXBuildFile; fileRef = 1A2A6FF5207396C400B4A783 /* Assets.xcassets */; };
		1A2A6FF9207396C400B4A783 /* LaunchScreen.storyboard in Resources */ = {isa = PBXBuildFile; fileRef = 1A2A6FF7207396C400B4A783 /* LaunchScreen.storyboard */; };
		1A2A7003207396D700B4A783 /* CloudKit.framework in Frameworks */ = {isa = PBXBuildFile; fileRef = 1A2A7002207396D600B4A783 /* CloudKit.framework */; };
		1A2A70052073970B00B4A783 /* StoreKit.framework in Frameworks */ = {isa = PBXBuildFile; fileRef = 1A2A70042073970B00B4A783 /* StoreKit.framework */; };
		1A2A70072073978A00B4A783 /* AudioToolbox.framework in Frameworks */ = {isa = PBXBuildFile; fileRef = 1A2A70062073978A00B4A783 /* AudioToolbox.framework */; };
		1A2A700920739ACD00B4A783 /* User.swift in Sources */ = {isa = PBXBuildFile; fileRef = 1A2A700820739ACD00B4A783 /* User.swift */; };
		1A2A709C2073B13900B4A783 /* DocumentViewController.swift in Sources */ = {isa = PBXBuildFile; fileRef = 1A2A709B2073B13900B4A783 /* DocumentViewController.swift */; };
		1A2A709E2073B18C00B4A783 /* DocumentBrowserViewController.swift in Sources */ = {isa = PBXBuildFile; fileRef = 1A2A709D2073B18C00B4A783 /* DocumentBrowserViewController.swift */; };
		1A41895C2073BA69003D9684 /* PBDataDictionary+CoreDataClass.swift in Sources */ = {isa = PBXBuildFile; fileRef = 1A41893A2073BA69003D9684 /* PBDataDictionary+CoreDataClass.swift */; };
		1A41895D2073BA69003D9684 /* PBDataDictionary+CoreDataProperties.swift in Sources */ = {isa = PBXBuildFile; fileRef = 1A41893B2073BA69003D9684 /* PBDataDictionary+CoreDataProperties.swift */; };
		1A41895E2073BA69003D9684 /* PBPreference+CoreDataClass.swift in Sources */ = {isa = PBXBuildFile; fileRef = 1A41893C2073BA69003D9684 /* PBPreference+CoreDataClass.swift */; };
		1A41895F2073BA69003D9684 /* PBPreference+CoreDataProperties.swift in Sources */ = {isa = PBXBuildFile; fileRef = 1A41893D2073BA69003D9684 /* PBPreference+CoreDataProperties.swift */; };
		1A4189602073BA69003D9684 /* PBModel+CoreDataClass.swift in Sources */ = {isa = PBXBuildFile; fileRef = 1A41893E2073BA69003D9684 /* PBModel+CoreDataClass.swift */; };
		1A4189612073BA69003D9684 /* PBModel+CoreDataProperties.swift in Sources */ = {isa = PBXBuildFile; fileRef = 1A41893F2073BA69003D9684 /* PBModel+CoreDataProperties.swift */; };
		1A4189622073BA69003D9684 /* PBStandardUser+CoreDataClass.swift in Sources */ = {isa = PBXBuildFile; fileRef = 1A4189402073BA69003D9684 /* PBStandardUser+CoreDataClass.swift */; };
		1A4189632073BA69003D9684 /* PBStandardUser+CoreDataProperties.swift in Sources */ = {isa = PBXBuildFile; fileRef = 1A4189412073BA69003D9684 /* PBStandardUser+CoreDataProperties.swift */; };
		1A4189642073BA69003D9684 /* PBTheme+CoreDataClass.swift in Sources */ = {isa = PBXBuildFile; fileRef = 1A4189422073BA69003D9684 /* PBTheme+CoreDataClass.swift */; };
		1A4189652073BA69003D9684 /* PBTheme+CoreDataProperties.swift in Sources */ = {isa = PBXBuildFile; fileRef = 1A4189432073BA69003D9684 /* PBTheme+CoreDataProperties.swift */; };
		1A4189662073BA69003D9684 /* PBSettingsPreference+CoreDataClass.swift in Sources */ = {isa = PBXBuildFile; fileRef = 1A4189442073BA69003D9684 /* PBSettingsPreference+CoreDataClass.swift */; };
		1A4189672073BA69003D9684 /* PBSettingsPreference+CoreDataProperties.swift in Sources */ = {isa = PBXBuildFile; fileRef = 1A4189452073BA69003D9684 /* PBSettingsPreference+CoreDataProperties.swift */; };
		1A41896A2073BA69003D9684 /* PBFile+CoreDataClass.swift in Sources */ = {isa = PBXBuildFile; fileRef = 1A4189482073BA69003D9684 /* PBFile+CoreDataClass.swift */; };
		1A41896B2073BA69003D9684 /* PBFile+CoreDataProperties.swift in Sources */ = {isa = PBXBuildFile; fileRef = 1A4189492073BA69003D9684 /* PBFile+CoreDataProperties.swift */; };
		1A41896C2073BA69003D9684 /* PBAudioAttribute+CoreDataClass.swift in Sources */ = {isa = PBXBuildFile; fileRef = 1A41894A2073BA69003D9684 /* PBAudioAttribute+CoreDataClass.swift */; };
		1A41896D2073BA69003D9684 /* PBAudioAttribute+CoreDataProperties.swift in Sources */ = {isa = PBXBuildFile; fileRef = 1A41894B2073BA69003D9684 /* PBAudioAttribute+CoreDataProperties.swift */; };
		1A41896E2073BA69003D9684 /* PBData+CoreDataClass.swift in Sources */ = {isa = PBXBuildFile; fileRef = 1A41894C2073BA69003D9684 /* PBData+CoreDataClass.swift */; };
		1A41896F2073BA69003D9684 /* PBData+CoreDataProperties.swift in Sources */ = {isa = PBXBuildFile; fileRef = 1A41894D2073BA69003D9684 /* PBData+CoreDataProperties.swift */; };
		1A4189702073BA69003D9684 /* PBAudioFile+CoreDataClass.swift in Sources */ = {isa = PBXBuildFile; fileRef = 1A41894E2073BA69003D9684 /* PBAudioFile+CoreDataClass.swift */; };
		1A4189712073BA69003D9684 /* PBAudioFile+CoreDataProperties.swift in Sources */ = {isa = PBXBuildFile; fileRef = 1A41894F2073BA69003D9684 /* PBAudioFile+CoreDataProperties.swift */; };
		1A4189722073BA69003D9684 /* PBDataController+CoreDataClass.swift in Sources */ = {isa = PBXBuildFile; fileRef = 1A4189502073BA69003D9684 /* PBDataController+CoreDataClass.swift */; };
		1A4189732073BA69003D9684 /* PBDataController+CoreDataProperties.swift in Sources */ = {isa = PBXBuildFile; fileRef = 1A4189512073BA69003D9684 /* PBDataController+CoreDataProperties.swift */; };
		1A4189742073BA69003D9684 /* PBFileAttribute+CoreDataClass.swift in Sources */ = {isa = PBXBuildFile; fileRef = 1A4189522073BA69003D9684 /* PBFileAttribute+CoreDataClass.swift */; };
		1A4189752073BA69003D9684 /* PBFileAttribute+CoreDataProperties.swift in Sources */ = {isa = PBXBuildFile; fileRef = 1A4189532073BA69003D9684 /* PBFileAttribute+CoreDataProperties.swift */; };
		1A4189762073BA69003D9684 /* PBFilePermissions+CoreDataClass.swift in Sources */ = {isa = PBXBuildFile; fileRef = 1A4189542073BA69003D9684 /* PBFilePermissions+CoreDataClass.swift */; };
		1A4189772073BA69003D9684 /* PBFilePermissions+CoreDataProperties.swift in Sources */ = {isa = PBXBuildFile; fileRef = 1A4189552073BA69003D9684 /* PBFilePermissions+CoreDataProperties.swift */; };
		1A4189782073BA69003D9684 /* PBFolderAttribute+CoreDataClass.swift in Sources */ = {isa = PBXBuildFile; fileRef = 1A4189562073BA69003D9684 /* PBFolderAttribute+CoreDataClass.swift */; };
		1A4189792073BA69003D9684 /* PBFolderAttribute+CoreDataProperties.swift in Sources */ = {isa = PBXBuildFile; fileRef = 1A4189572073BA69003D9684 /* PBFolderAttribute+CoreDataProperties.swift */; };
		1A41897C2073BA69003D9684 /* PBDataString+CoreDataClass.swift in Sources */ = {isa = PBXBuildFile; fileRef = 1A41895A2073BA69003D9684 /* PBDataString+CoreDataClass.swift */; };
		1A41897D2073BA69003D9684 /* PBDataString+CoreDataProperties.swift in Sources */ = {isa = PBXBuildFile; fileRef = 1A41895B2073BA69003D9684 /* PBDataString+CoreDataProperties.swift */; };
		1A41897F2073BAC2003D9684 /* KeyValuePair.swift in Sources */ = {isa = PBXBuildFile; fileRef = 1A41897E2073BAC2003D9684 /* KeyValuePair.swift */; };
		1A4189852073BBAC003D9684 /* ManagedObjectContext.swift in Sources */ = {isa = PBXBuildFile; fileRef = 1A4189842073BBAC003D9684 /* ManagedObjectContext.swift */; };
		1A4189882073BC8B003D9684 /* PBAudioController+CoreDataClass.swift in Sources */ = {isa = PBXBuildFile; fileRef = 1A4189862073BC8B003D9684 /* PBAudioController+CoreDataClass.swift */; };
		1A4189892073BC8B003D9684 /* PBAudioController+CoreDataProperties.swift in Sources */ = {isa = PBXBuildFile; fileRef = 1A4189872073BC8B003D9684 /* PBAudioController+CoreDataProperties.swift */; };
		1A41898B2073BCF5003D9684 /* PBSharedData.swift in Sources */ = {isa = PBXBuildFile; fileRef = 1A41898A2073BCF5003D9684 /* PBSharedData.swift */; };
		1A41898D2073BF07003D9684 /* UserDataAttribute.swift in Sources */ = {isa = PBXBuildFile; fileRef = 1A41898C2073BF06003D9684 /* UserDataAttribute.swift */; };
		1A41898F2073BFE3003D9684 /* Document.swift in Sources */ = {isa = PBXBuildFile; fileRef = 1A41898E2073BFE3003D9684 /* Document.swift */; };
		1A4189922073C26D003D9684 /* PBUser+CoreDataClass.swift in Sources */ = {isa = PBXBuildFile; fileRef = 1A4189902073C26D003D9684 /* PBUser+CoreDataClass.swift */; };
		1A4189932073C26D003D9684 /* PBUser+CoreDataProperties.swift in Sources */ = {isa = PBXBuildFile; fileRef = 1A4189912073C26D003D9684 /* PBUser+CoreDataProperties.swift */; };
		1A4189952073C394003D9684 /* SettingsTableViewController.swift in Sources */ = {isa = PBXBuildFile; fileRef = 1A4189942073C394003D9684 /* SettingsTableViewController.swift */; };
		1A86D0782073E3300087C3FF /* Speech.framework in Frameworks */ = {isa = PBXBuildFile; fileRef = 1A86D0772073E3300087C3FF /* Speech.framework */; };
		1A86D07A2073E3410087C3FF /* CoreData.framework in Frameworks */ = {isa = PBXBuildFile; fileRef = 1A86D0792073E3410087C3FF /* CoreData.framework */; };
		1A86D07C2073E3480087C3FF /* CoreAudio.framework in Frameworks */ = {isa = PBXBuildFile; fileRef = 1A86D07B2073E3480087C3FF /* CoreAudio.framework */; };
		1A86D07E2073E34E0087C3FF /* CoreAudioKit.framework in Frameworks */ = {isa = PBXBuildFile; fileRef = 1A86D07D2073E34E0087C3FF /* CoreAudioKit.framework */; };
		1A86D0802073E3B20087C3FF /* SpeechRecognizer.swift in Sources */ = {isa = PBXBuildFile; fileRef = 1A86D07F2073E3B20087C3FF /* SpeechRecognizer.swift */; };
		1A86D0822073E3F30087C3FF /* SpeechRecognitionTask.swift in Sources */ = {isa = PBXBuildFile; fileRef = 1A86D0812073E3F30087C3FF /* SpeechRecognitionTask.swift */; };
		1A86D0862073E5380087C3FF /* SpeechRecognitionController.swift in Sources */ = {isa = PBXBuildFile; fileRef = 1A86D0852073E5380087C3FF /* SpeechRecognitionController.swift */; };
		1A86D0882073F9960087C3FF /* MathUtils.swift in Sources */ = {isa = PBXBuildFile; fileRef = 1A86D0872073F9960087C3FF /* MathUtils.swift */; };
		1A86D08A2073FCFD0087C3FF /* AudioPlayerViewController.swift in Sources */ = {isa = PBXBuildFile; fileRef = 1A86D0892073FCFD0087C3FF /* AudioPlayerViewController.swift */; };
		1A86D08C207402F10087C3FF /* MainTabBarViewController.swift in Sources */ = {isa = PBXBuildFile; fileRef = 1A86D08B207402F10087C3FF /* MainTabBarViewController.swift */; };
		1A86D08E207408330087C3FF /* PlayMediaTableTableViewController.swift in Sources */ = {isa = PBXBuildFile; fileRef = 1A86D08D207408330087C3FF /* PlayMediaTableTableViewController.swift */; };
		1A86D09120740A6F0087C3FF /* CustomMediaTableViewCell.swift in Sources */ = {isa = PBXBuildFile; fileRef = 1A86D08F20740A6F0087C3FF /* CustomMediaTableViewCell.swift */; };
		1A86D09220740A6F0087C3FF /* CustomMediaTableViewCell.xib in Resources */ = {isa = PBXBuildFile; fileRef = 1A86D09020740A6F0087C3FF /* CustomMediaTableViewCell.xib */; };
		1A86D0952074380D0087C3FF /* FilesTableViewCell.swift in Sources */ = {isa = PBXBuildFile; fileRef = 1A86D0942074380D0087C3FF /* FilesTableViewCell.swift */; };
		1AF2122A2074CF5C00B21632 /* PBPreferences+CoreDataClass.swift in Sources */ = {isa = PBXBuildFile; fileRef = 1AF212282074CF5C00B21632 /* PBPreferences+CoreDataClass.swift */; };
		1AF2122B2074CF5C00B21632 /* PBPreferences+CoreDataProperties.swift in Sources */ = {isa = PBXBuildFile; fileRef = 1AF212292074CF5C00B21632 /* PBPreferences+CoreDataProperties.swift */; };
		1FE08F7977A323F81B09AF66 /* Pods_PracticeBuddy.framework in Frameworks */ = {isa = PBXBuildFile; fileRef = 5F9523081B2D04C657CB064A /* Pods_PracticeBuddy.framework */; };
/* End PBXBuildFile section */

/* Begin PBXFileReference section */
		1A2A6FE8207396C300B4A783 /* PracticeBuddy.app */ = {isa = PBXFileReference; explicitFileType = wrapper.application; includeInIndex = 0; path = PracticeBuddy.app; sourceTree = BUILT_PRODUCTS_DIR; };
		1A2A6FEB207396C300B4A783 /* AppDelegate.swift */ = {isa = PBXFileReference; lastKnownFileType = sourcecode.swift; path = AppDelegate.swift; sourceTree = "<group>"; };
		1A2A6FED207396C300B4A783 /* FilesTableViewController.swift */ = {isa = PBXFileReference; lastKnownFileType = sourcecode.swift; path = FilesTableViewController.swift; sourceTree = "<group>"; };
		1A2A6FF0207396C300B4A783 /* Base */ = {isa = PBXFileReference; lastKnownFileType = file.storyboard; name = Base; path = Base.lproj/Main.storyboard; sourceTree = "<group>"; };
		1A2A6FF3207396C300B4A783 /* PracticeBuddy.xcdatamodel */ = {isa = PBXFileReference; lastKnownFileType = wrapper.xcdatamodel; path = PracticeBuddy.xcdatamodel; sourceTree = "<group>"; };
		1A2A6FF5207396C400B4A783 /* Assets.xcassets */ = {isa = PBXFileReference; lastKnownFileType = folder.assetcatalog; path = Assets.xcassets; sourceTree = "<group>"; };
		1A2A6FF8207396C400B4A783 /* Base */ = {isa = PBXFileReference; lastKnownFileType = file.storyboard; name = Base; path = Base.lproj/LaunchScreen.storyboard; sourceTree = "<group>"; };
		1A2A6FFA207396C400B4A783 /* Info.plist */ = {isa = PBXFileReference; lastKnownFileType = text.plist.xml; path = Info.plist; sourceTree = "<group>"; };
		1A2A7000207396D200B4A783 /* PracticeBuddy.entitlements */ = {isa = PBXFileReference; lastKnownFileType = text.plist.entitlements; path = PracticeBuddy.entitlements; sourceTree = "<group>"; };
		1A2A7002207396D600B4A783 /* CloudKit.framework */ = {isa = PBXFileReference; lastKnownFileType = wrapper.framework; name = CloudKit.framework; path = System/Library/Frameworks/CloudKit.framework; sourceTree = SDKROOT; };
		1A2A70042073970B00B4A783 /* StoreKit.framework */ = {isa = PBXFileReference; lastKnownFileType = wrapper.framework; name = StoreKit.framework; path = System/Library/Frameworks/StoreKit.framework; sourceTree = SDKROOT; };
		1A2A70062073978A00B4A783 /* AudioToolbox.framework */ = {isa = PBXFileReference; lastKnownFileType = wrapper.framework; name = AudioToolbox.framework; path = System/Library/Frameworks/AudioToolbox.framework; sourceTree = SDKROOT; };
		1A2A700820739ACD00B4A783 /* User.swift */ = {isa = PBXFileReference; lastKnownFileType = sourcecode.swift; path = User.swift; sourceTree = "<group>"; };
		1A2A709B2073B13900B4A783 /* DocumentViewController.swift */ = {isa = PBXFileReference; lastKnownFileType = sourcecode.swift; path = DocumentViewController.swift; sourceTree = "<group>"; };
		1A2A709D2073B18C00B4A783 /* DocumentBrowserViewController.swift */ = {isa = PBXFileReference; lastKnownFileType = sourcecode.swift; path = DocumentBrowserViewController.swift; sourceTree = "<group>"; };
		1A41893A2073BA69003D9684 /* PBDataDictionary+CoreDataClass.swift */ = {isa = PBXFileReference; lastKnownFileType = sourcecode.swift; path = "PBDataDictionary+CoreDataClass.swift"; sourceTree = "<group>"; };
		1A41893B2073BA69003D9684 /* PBDataDictionary+CoreDataProperties.swift */ = {isa = PBXFileReference; lastKnownFileType = sourcecode.swift; path = "PBDataDictionary+CoreDataProperties.swift"; sourceTree = "<group>"; };
		1A41893C2073BA69003D9684 /* PBPreference+CoreDataClass.swift */ = {isa = PBXFileReference; lastKnownFileType = sourcecode.swift; path = "PBPreference+CoreDataClass.swift"; sourceTree = "<group>"; };
		1A41893D2073BA69003D9684 /* PBPreference+CoreDataProperties.swift */ = {isa = PBXFileReference; lastKnownFileType = sourcecode.swift; path = "PBPreference+CoreDataProperties.swift"; sourceTree = "<group>"; };
		1A41893E2073BA69003D9684 /* PBModel+CoreDataClass.swift */ = {isa = PBXFileReference; lastKnownFileType = sourcecode.swift; path = "PBModel+CoreDataClass.swift"; sourceTree = "<group>"; };
		1A41893F2073BA69003D9684 /* PBModel+CoreDataProperties.swift */ = {isa = PBXFileReference; lastKnownFileType = sourcecode.swift; path = "PBModel+CoreDataProperties.swift"; sourceTree = "<group>"; };
		1A4189402073BA69003D9684 /* PBStandardUser+CoreDataClass.swift */ = {isa = PBXFileReference; lastKnownFileType = sourcecode.swift; path = "PBStandardUser+CoreDataClass.swift"; sourceTree = "<group>"; };
		1A4189412073BA69003D9684 /* PBStandardUser+CoreDataProperties.swift */ = {isa = PBXFileReference; lastKnownFileType = sourcecode.swift; path = "PBStandardUser+CoreDataProperties.swift"; sourceTree = "<group>"; };
		1A4189422073BA69003D9684 /* PBTheme+CoreDataClass.swift */ = {isa = PBXFileReference; lastKnownFileType = sourcecode.swift; path = "PBTheme+CoreDataClass.swift"; sourceTree = "<group>"; };
		1A4189432073BA69003D9684 /* PBTheme+CoreDataProperties.swift */ = {isa = PBXFileReference; lastKnownFileType = sourcecode.swift; path = "PBTheme+CoreDataProperties.swift"; sourceTree = "<group>"; };
		1A4189442073BA69003D9684 /* PBSettingsPreference+CoreDataClass.swift */ = {isa = PBXFileReference; lastKnownFileType = sourcecode.swift; path = "PBSettingsPreference+CoreDataClass.swift"; sourceTree = "<group>"; };
		1A4189452073BA69003D9684 /* PBSettingsPreference+CoreDataProperties.swift */ = {isa = PBXFileReference; lastKnownFileType = sourcecode.swift; path = "PBSettingsPreference+CoreDataProperties.swift"; sourceTree = "<group>"; };
		1A4189482073BA69003D9684 /* PBFile+CoreDataClass.swift */ = {isa = PBXFileReference; lastKnownFileType = sourcecode.swift; path = "PBFile+CoreDataClass.swift"; sourceTree = "<group>"; };
		1A4189492073BA69003D9684 /* PBFile+CoreDataProperties.swift */ = {isa = PBXFileReference; lastKnownFileType = sourcecode.swift; path = "PBFile+CoreDataProperties.swift"; sourceTree = "<group>"; };
		1A41894A2073BA69003D9684 /* PBAudioAttribute+CoreDataClass.swift */ = {isa = PBXFileReference; lastKnownFileType = sourcecode.swift; path = "PBAudioAttribute+CoreDataClass.swift"; sourceTree = "<group>"; };
		1A41894B2073BA69003D9684 /* PBAudioAttribute+CoreDataProperties.swift */ = {isa = PBXFileReference; lastKnownFileType = sourcecode.swift; path = "PBAudioAttribute+CoreDataProperties.swift"; sourceTree = "<group>"; };
		1A41894C2073BA69003D9684 /* PBData+CoreDataClass.swift */ = {isa = PBXFileReference; lastKnownFileType = sourcecode.swift; path = "PBData+CoreDataClass.swift"; sourceTree = "<group>"; };
		1A41894D2073BA69003D9684 /* PBData+CoreDataProperties.swift */ = {isa = PBXFileReference; lastKnownFileType = sourcecode.swift; path = "PBData+CoreDataProperties.swift"; sourceTree = "<group>"; };
		1A41894E2073BA69003D9684 /* PBAudioFile+CoreDataClass.swift */ = {isa = PBXFileReference; lastKnownFileType = sourcecode.swift; path = "PBAudioFile+CoreDataClass.swift"; sourceTree = "<group>"; };
		1A41894F2073BA69003D9684 /* PBAudioFile+CoreDataProperties.swift */ = {isa = PBXFileReference; lastKnownFileType = sourcecode.swift; path = "PBAudioFile+CoreDataProperties.swift"; sourceTree = "<group>"; };
		1A4189502073BA69003D9684 /* PBDataController+CoreDataClass.swift */ = {isa = PBXFileReference; lastKnownFileType = sourcecode.swift; path = "PBDataController+CoreDataClass.swift"; sourceTree = "<group>"; };
		1A4189512073BA69003D9684 /* PBDataController+CoreDataProperties.swift */ = {isa = PBXFileReference; lastKnownFileType = sourcecode.swift; path = "PBDataController+CoreDataProperties.swift"; sourceTree = "<group>"; };
		1A4189522073BA69003D9684 /* PBFileAttribute+CoreDataClass.swift */ = {isa = PBXFileReference; lastKnownFileType = sourcecode.swift; path = "PBFileAttribute+CoreDataClass.swift"; sourceTree = "<group>"; };
		1A4189532073BA69003D9684 /* PBFileAttribute+CoreDataProperties.swift */ = {isa = PBXFileReference; lastKnownFileType = sourcecode.swift; path = "PBFileAttribute+CoreDataProperties.swift"; sourceTree = "<group>"; };
		1A4189542073BA69003D9684 /* PBFilePermissions+CoreDataClass.swift */ = {isa = PBXFileReference; lastKnownFileType = sourcecode.swift; path = "PBFilePermissions+CoreDataClass.swift"; sourceTree = "<group>"; };
		1A4189552073BA69003D9684 /* PBFilePermissions+CoreDataProperties.swift */ = {isa = PBXFileReference; lastKnownFileType = sourcecode.swift; path = "PBFilePermissions+CoreDataProperties.swift"; sourceTree = "<group>"; };
		1A4189562073BA69003D9684 /* PBFolderAttribute+CoreDataClass.swift */ = {isa = PBXFileReference; lastKnownFileType = sourcecode.swift; path = "PBFolderAttribute+CoreDataClass.swift"; sourceTree = "<group>"; };
		1A4189572073BA69003D9684 /* PBFolderAttribute+CoreDataProperties.swift */ = {isa = PBXFileReference; lastKnownFileType = sourcecode.swift; path = "PBFolderAttribute+CoreDataProperties.swift"; sourceTree = "<group>"; };
		1A41895A2073BA69003D9684 /* PBDataString+CoreDataClass.swift */ = {isa = PBXFileReference; lastKnownFileType = sourcecode.swift; path = "PBDataString+CoreDataClass.swift"; sourceTree = "<group>"; };
		1A41895B2073BA69003D9684 /* PBDataString+CoreDataProperties.swift */ = {isa = PBXFileReference; lastKnownFileType = sourcecode.swift; path = "PBDataString+CoreDataProperties.swift"; sourceTree = "<group>"; };
		1A41897E2073BAC2003D9684 /* KeyValuePair.swift */ = {isa = PBXFileReference; fileEncoding = 4; lastKnownFileType = sourcecode.swift; path = KeyValuePair.swift; sourceTree = "<group>"; };
		1A4189842073BBAC003D9684 /* ManagedObjectContext.swift */ = {isa = PBXFileReference; fileEncoding = 4; lastKnownFileType = sourcecode.swift; path = ManagedObjectContext.swift; sourceTree = "<group>"; };
		1A4189862073BC8B003D9684 /* PBAudioController+CoreDataClass.swift */ = {isa = PBXFileReference; lastKnownFileType = sourcecode.swift; path = "PBAudioController+CoreDataClass.swift"; sourceTree = "<group>"; };
		1A4189872073BC8B003D9684 /* PBAudioController+CoreDataProperties.swift */ = {isa = PBXFileReference; lastKnownFileType = sourcecode.swift; path = "PBAudioController+CoreDataProperties.swift"; sourceTree = "<group>"; };
		1A41898A2073BCF5003D9684 /* PBSharedData.swift */ = {isa = PBXFileReference; lastKnownFileType = sourcecode.swift; path = PBSharedData.swift; sourceTree = "<group>"; };
		1A41898C2073BF06003D9684 /* UserDataAttribute.swift */ = {isa = PBXFileReference; fileEncoding = 4; lastKnownFileType = sourcecode.swift; path = UserDataAttribute.swift; sourceTree = "<group>"; };
		1A41898E2073BFE3003D9684 /* Document.swift */ = {isa = PBXFileReference; fileEncoding = 4; lastKnownFileType = sourcecode.swift; path = Document.swift; sourceTree = "<group>"; };
		1A4189902073C26D003D9684 /* PBUser+CoreDataClass.swift */ = {isa = PBXFileReference; lastKnownFileType = sourcecode.swift; path = "PBUser+CoreDataClass.swift"; sourceTree = "<group>"; };
		1A4189912073C26D003D9684 /* PBUser+CoreDataProperties.swift */ = {isa = PBXFileReference; lastKnownFileType = sourcecode.swift; path = "PBUser+CoreDataProperties.swift"; sourceTree = "<group>"; };
		1A4189942073C394003D9684 /* SettingsTableViewController.swift */ = {isa = PBXFileReference; lastKnownFileType = sourcecode.swift; path = SettingsTableViewController.swift; sourceTree = "<group>"; };
		1A86D0772073E3300087C3FF /* Speech.framework */ = {isa = PBXFileReference; lastKnownFileType = wrapper.framework; name = Speech.framework; path = System/Library/Frameworks/Speech.framework; sourceTree = SDKROOT; };
		1A86D0792073E3410087C3FF /* CoreData.framework */ = {isa = PBXFileReference; lastKnownFileType = wrapper.framework; name = CoreData.framework; path = System/Library/Frameworks/CoreData.framework; sourceTree = SDKROOT; };
		1A86D07B2073E3480087C3FF /* CoreAudio.framework */ = {isa = PBXFileReference; lastKnownFileType = wrapper.framework; name = CoreAudio.framework; path = System/Library/Frameworks/CoreAudio.framework; sourceTree = SDKROOT; };
		1A86D07D2073E34E0087C3FF /* CoreAudioKit.framework */ = {isa = PBXFileReference; lastKnownFileType = wrapper.framework; name = CoreAudioKit.framework; path = System/Library/Frameworks/CoreAudioKit.framework; sourceTree = SDKROOT; };
		1A86D07F2073E3B20087C3FF /* SpeechRecognizer.swift */ = {isa = PBXFileReference; lastKnownFileType = sourcecode.swift; path = SpeechRecognizer.swift; sourceTree = "<group>"; };
		1A86D0812073E3F30087C3FF /* SpeechRecognitionTask.swift */ = {isa = PBXFileReference; lastKnownFileType = sourcecode.swift; path = SpeechRecognitionTask.swift; sourceTree = "<group>"; };
		1A86D0852073E5380087C3FF /* SpeechRecognitionController.swift */ = {isa = PBXFileReference; lastKnownFileType = sourcecode.swift; path = SpeechRecognitionController.swift; sourceTree = "<group>"; };
		1A86D0872073F9960087C3FF /* MathUtils.swift */ = {isa = PBXFileReference; lastKnownFileType = sourcecode.swift; path = MathUtils.swift; sourceTree = "<group>"; };
		1A86D0892073FCFD0087C3FF /* AudioPlayerViewController.swift */ = {isa = PBXFileReference; lastKnownFileType = sourcecode.swift; path = AudioPlayerViewController.swift; sourceTree = "<group>"; };
		1A86D08B207402F10087C3FF /* MainTabBarViewController.swift */ = {isa = PBXFileReference; lastKnownFileType = sourcecode.swift; path = MainTabBarViewController.swift; sourceTree = "<group>"; };
		1A86D08D207408330087C3FF /* PlayMediaTableTableViewController.swift */ = {isa = PBXFileReference; lastKnownFileType = sourcecode.swift; path = PlayMediaTableTableViewController.swift; sourceTree = "<group>"; };
		1A86D08F20740A6F0087C3FF /* CustomMediaTableViewCell.swift */ = {isa = PBXFileReference; lastKnownFileType = sourcecode.swift; path = CustomMediaTableViewCell.swift; sourceTree = "<group>"; };
		1A86D09020740A6F0087C3FF /* CustomMediaTableViewCell.xib */ = {isa = PBXFileReference; lastKnownFileType = file.xib; path = CustomMediaTableViewCell.xib; sourceTree = "<group>"; };
		1A86D0942074380D0087C3FF /* FilesTableViewCell.swift */ = {isa = PBXFileReference; lastKnownFileType = sourcecode.swift; path = FilesTableViewCell.swift; sourceTree = "<group>"; };
		1AF212282074CF5C00B21632 /* PBPreferences+CoreDataClass.swift */ = {isa = PBXFileReference; lastKnownFileType = sourcecode.swift; path = "PBPreferences+CoreDataClass.swift"; sourceTree = "<group>"; };
		1AF212292074CF5C00B21632 /* PBPreferences+CoreDataProperties.swift */ = {isa = PBXFileReference; lastKnownFileType = sourcecode.swift; path = "PBPreferences+CoreDataProperties.swift"; sourceTree = "<group>"; };
		5F9523081B2D04C657CB064A /* Pods_PracticeBuddy.framework */ = {isa = PBXFileReference; explicitFileType = wrapper.framework; includeInIndex = 0; path = Pods_PracticeBuddy.framework; sourceTree = BUILT_PRODUCTS_DIR; };
		863F1C1EBF98F0AA2EE7DDE3 /* Pods-PracticeBuddy.debug.xcconfig */ = {isa = PBXFileReference; includeInIndex = 1; lastKnownFileType = text.xcconfig; name = "Pods-PracticeBuddy.debug.xcconfig"; path = "Pods/Target Support Files/Pods-PracticeBuddy/Pods-PracticeBuddy.debug.xcconfig"; sourceTree = "<group>"; };
		FAFF52DB8EC1410DE2762FA3 /* Pods-PracticeBuddy.release.xcconfig */ = {isa = PBXFileReference; includeInIndex = 1; lastKnownFileType = text.xcconfig; name = "Pods-PracticeBuddy.release.xcconfig"; path = "Pods/Target Support Files/Pods-PracticeBuddy/Pods-PracticeBuddy.release.xcconfig"; sourceTree = "<group>"; };
/* End PBXFileReference section */

/* Begin PBXFrameworksBuildPhase section */
		1A2A6FE5207396C300B4A783 /* Frameworks */ = {
			isa = PBXFrameworksBuildPhase;
			buildActionMask = 2147483647;
			files = (
				1A86D07E2073E34E0087C3FF /* CoreAudioKit.framework in Frameworks */,
				1A86D07C2073E3480087C3FF /* CoreAudio.framework in Frameworks */,
				1A86D07A2073E3410087C3FF /* CoreData.framework in Frameworks */,
				1A86D0782073E3300087C3FF /* Speech.framework in Frameworks */,
				1A2A7003207396D700B4A783 /* CloudKit.framework in Frameworks */,
				1A2A70052073970B00B4A783 /* StoreKit.framework in Frameworks */,
				1A2A70072073978A00B4A783 /* AudioToolbox.framework in Frameworks */,
				1FE08F7977A323F81B09AF66 /* Pods_PracticeBuddy.framework in Frameworks */,
			);
			runOnlyForDeploymentPostprocessing = 0;
		};
/* End PBXFrameworksBuildPhase section */

/* Begin PBXGroup section */
		1A2A6FDF207396C300B4A783 = {
			isa = PBXGroup;
			children = (
				1A2A6FEA207396C300B4A783 /* PracticeBuddy */,
				1A2A6FE9207396C300B4A783 /* Products */,
				1A2A7001207396D600B4A783 /* Frameworks */,
				2301600D8C32CF18D2CA35F0 /* Pods */,
			);
			sourceTree = "<group>";
		};
		1A2A6FE9207396C300B4A783 /* Products */ = {
			isa = PBXGroup;
			children = (
				1A2A6FE8207396C300B4A783 /* PracticeBuddy.app */,
			);
			name = Products;
			sourceTree = "<group>";
		};
		1A2A6FEA207396C300B4A783 /* PracticeBuddy */ = {
			isa = PBXGroup;
			children = (
				1A4189392073BA3D003D9684 /* CoreData */,
				1A86D09320740A780087C3FF /* UI Objects */,
				1A2A7000207396D200B4A783 /* PracticeBuddy.entitlements */,
				1A4189842073BBAC003D9684 /* ManagedObjectContext.swift */,
				1A41898E2073BFE3003D9684 /* Document.swift */,
				1A2A709D2073B18C00B4A783 /* DocumentBrowserViewController.swift */,
				1A2A709B2073B13900B4A783 /* DocumentViewController.swift */,
				1A2A6FEB207396C300B4A783 /* AppDelegate.swift */,
				1A2A6FED207396C300B4A783 /* FilesTableViewController.swift */,
				1A41897E2073BAC2003D9684 /* KeyValuePair.swift */,
				1A41898A2073BCF5003D9684 /* PBSharedData.swift */,
				1A2A700820739ACD00B4A783 /* User.swift */,
				1A41898C2073BF06003D9684 /* UserDataAttribute.swift */,
				1A4189942073C394003D9684 /* SettingsTableViewController.swift */,
				1A86D07F2073E3B20087C3FF /* SpeechRecognizer.swift */,
				1A86D0812073E3F30087C3FF /* SpeechRecognitionTask.swift */,
				1A86D0852073E5380087C3FF /* SpeechRecognitionController.swift */,
				1A86D0872073F9960087C3FF /* MathUtils.swift */,
				1A2A6FF5207396C400B4A783 /* Assets.xcassets */,
				1A2A6FFA207396C400B4A783 /* Info.plist */,
				1A2A6FF7207396C400B4A783 /* LaunchScreen.storyboard */,
				1A2A6FEF207396C300B4A783 /* Main.storyboard */,
				1A2A6FF2207396C300B4A783 /* PracticeBuddy.xcdatamodeld */,
				1A86D0892073FCFD0087C3FF /* AudioPlayerViewController.swift */,
				1A86D08B207402F10087C3FF /* MainTabBarViewController.swift */,
				1A86D08D207408330087C3FF /* PlayMediaTableTableViewController.swift */,
				1A86D08F20740A6F0087C3FF /* CustomMediaTableViewCell.swift */,
				1A86D0942074380D0087C3FF /* FilesTableViewCell.swift */,
			);
			path = PracticeBuddy;
			sourceTree = "<group>";
		};
		1A2A7001207396D600B4A783 /* Frameworks */ = {
			isa = PBXGroup;
			children = (
				1A86D07D2073E34E0087C3FF /* CoreAudioKit.framework */,
				1A86D07B2073E3480087C3FF /* CoreAudio.framework */,
				1A86D0792073E3410087C3FF /* CoreData.framework */,
				1A86D0772073E3300087C3FF /* Speech.framework */,
				1A2A70062073978A00B4A783 /* AudioToolbox.framework */,
				1A2A70042073970B00B4A783 /* StoreKit.framework */,
				1A2A7002207396D600B4A783 /* CloudKit.framework */,
				5F9523081B2D04C657CB064A /* Pods_PracticeBuddy.framework */,
			);
			name = Frameworks;
			sourceTree = "<group>";
		};
		1A4189392073BA3D003D9684 /* CoreData */ = {
			isa = PBXGroup;
			children = (
				1AF212282074CF5C00B21632 /* PBPreferences+CoreDataClass.swift */,
				1AF212292074CF5C00B21632 /* PBPreferences+CoreDataProperties.swift */,
				1A4189902073C26D003D9684 /* PBUser+CoreDataClass.swift */,
				1A4189912073C26D003D9684 /* PBUser+CoreDataProperties.swift */,
				1A4189862073BC8B003D9684 /* PBAudioController+CoreDataClass.swift */,
				1A4189872073BC8B003D9684 /* PBAudioController+CoreDataProperties.swift */,
				1A41893A2073BA69003D9684 /* PBDataDictionary+CoreDataClass.swift */,
				1A41893B2073BA69003D9684 /* PBDataDictionary+CoreDataProperties.swift */,
				1A41893C2073BA69003D9684 /* PBPreference+CoreDataClass.swift */,
				1A41893D2073BA69003D9684 /* PBPreference+CoreDataProperties.swift */,
				1A41893E2073BA69003D9684 /* PBModel+CoreDataClass.swift */,
				1A41893F2073BA69003D9684 /* PBModel+CoreDataProperties.swift */,
				1A4189402073BA69003D9684 /* PBStandardUser+CoreDataClass.swift */,
				1A4189412073BA69003D9684 /* PBStandardUser+CoreDataProperties.swift */,
				1A4189422073BA69003D9684 /* PBTheme+CoreDataClass.swift */,
				1A4189432073BA69003D9684 /* PBTheme+CoreDataProperties.swift */,
				1A4189442073BA69003D9684 /* PBSettingsPreference+CoreDataClass.swift */,
				1A4189452073BA69003D9684 /* PBSettingsPreference+CoreDataProperties.swift */,
				1A4189482073BA69003D9684 /* PBFile+CoreDataClass.swift */,
				1A4189492073BA69003D9684 /* PBFile+CoreDataProperties.swift */,
				1A41894A2073BA69003D9684 /* PBAudioAttribute+CoreDataClass.swift */,
				1A41894B2073BA69003D9684 /* PBAudioAttribute+CoreDataProperties.swift */,
				1A41894C2073BA69003D9684 /* PBData+CoreDataClass.swift */,
				1A41894D2073BA69003D9684 /* PBData+CoreDataProperties.swift */,
				1A41894E2073BA69003D9684 /* PBAudioFile+CoreDataClass.swift */,
				1A41894F2073BA69003D9684 /* PBAudioFile+CoreDataProperties.swift */,
				1A4189502073BA69003D9684 /* PBDataController+CoreDataClass.swift */,
				1A4189512073BA69003D9684 /* PBDataController+CoreDataProperties.swift */,
				1A4189522073BA69003D9684 /* PBFileAttribute+CoreDataClass.swift */,
				1A4189532073BA69003D9684 /* PBFileAttribute+CoreDataProperties.swift */,
				1A4189542073BA69003D9684 /* PBFilePermissions+CoreDataClass.swift */,
				1A4189552073BA69003D9684 /* PBFilePermissions+CoreDataProperties.swift */,
				1A4189562073BA69003D9684 /* PBFolderAttribute+CoreDataClass.swift */,
				1A4189572073BA69003D9684 /* PBFolderAttribute+CoreDataProperties.swift */,
				1A41895A2073BA69003D9684 /* PBDataString+CoreDataClass.swift */,
				1A41895B2073BA69003D9684 /* PBDataString+CoreDataProperties.swift */,
			);
			path = CoreData;
			sourceTree = "<group>";
		};
		1A86D09320740A780087C3FF /* UI Objects */ = {
			isa = PBXGroup;
			children = (
				1A86D09020740A6F0087C3FF /* CustomMediaTableViewCell.xib */,
			);
			path = "UI Objects";
			sourceTree = "<group>";
		};
		2301600D8C32CF18D2CA35F0 /* Pods */ = {
			isa = PBXGroup;
			children = (
				863F1C1EBF98F0AA2EE7DDE3 /* Pods-PracticeBuddy.debug.xcconfig */,
				FAFF52DB8EC1410DE2762FA3 /* Pods-PracticeBuddy.release.xcconfig */,
			);
			name = Pods;
			sourceTree = "<group>";
		};
/* End PBXGroup section */

/* Begin PBXNativeTarget section */
		1A2A6FE7207396C300B4A783 /* PracticeBuddy */ = {
			isa = PBXNativeTarget;
			buildConfigurationList = 1A2A6FFD207396C400B4A783 /* Build configuration list for PBXNativeTarget "PracticeBuddy" */;
			buildPhases = (
				29563E7440F5D4D9B369FC28 /* [CP] Check Pods Manifest.lock */,
				1A2A6FE4207396C300B4A783 /* Sources */,
				1A2A6FE5207396C300B4A783 /* Frameworks */,
				1A2A6FE6207396C300B4A783 /* Resources */,
				123882602DAF9411C9255074 /* [CP] Embed Pods Frameworks */,
			);
			buildRules = (
			);
			dependencies = (
			);
			name = PracticeBuddy;
			productName = PracticeBuddy;
			productReference = 1A2A6FE8207396C300B4A783 /* PracticeBuddy.app */;
			productType = "com.apple.product-type.application";
		};
/* End PBXNativeTarget section */

/* Begin PBXProject section */
		1A2A6FE0207396C300B4A783 /* Project object */ = {
			isa = PBXProject;
			attributes = {
				LastSwiftUpdateCheck = 0930;
				LastUpgradeCheck = 0930;
				ORGANIZATIONNAME = "PB Studios";
				TargetAttributes = {
					1A2A6FE7207396C300B4A783 = {
						CreatedOnToolsVersion = 9.3;
						SystemCapabilities = {
							com.apple.ApplePay = {
								enabled = 1;
							};
							com.apple.ApplicationGroups.iOS = {
								enabled = 0;
							};
							com.apple.BackgroundModes = {
								enabled = 1;
							};
							com.apple.DataProtection = {
								enabled = 1;
							};
							com.apple.InAppPurchase = {
								enabled = 1;
							};
							com.apple.InterAppAudio = {
								enabled = 1;
							};
							com.apple.Keychain = {
								enabled = 1;
							};
							com.apple.Multipath = {
								enabled = 1;
							};
							com.apple.Push = {
								enabled = 1;
							};
							com.apple.SafariKeychain = {
								enabled = 1;
							};
							com.apple.iCloud = {
								enabled = 1;
							};
						};
					};
				};
			};
			buildConfigurationList = 1A2A6FE3207396C300B4A783 /* Build configuration list for PBXProject "PracticeBuddy" */;
			compatibilityVersion = "Xcode 9.3";
			developmentRegion = en;
			hasScannedForEncodings = 0;
			knownRegions = (
				en,
				Base,
			);
			mainGroup = 1A2A6FDF207396C300B4A783;
			productRefGroup = 1A2A6FE9207396C300B4A783 /* Products */;
			projectDirPath = "";
			projectRoot = "";
			targets = (
				1A2A6FE7207396C300B4A783 /* PracticeBuddy */,
			);
		};
/* End PBXProject section */

/* Begin PBXResourcesBuildPhase section */
		1A2A6FE6207396C300B4A783 /* Resources */ = {
			isa = PBXResourcesBuildPhase;
			buildActionMask = 2147483647;
			files = (
				1A2A6FF9207396C400B4A783 /* LaunchScreen.storyboard in Resources */,
				1A2A6FF6207396C400B4A783 /* Assets.xcassets in Resources */,
				1A2A6FF1207396C300B4A783 /* Main.storyboard in Resources */,
				1A86D09220740A6F0087C3FF /* CustomMediaTableViewCell.xib in Resources */,
			);
			runOnlyForDeploymentPostprocessing = 0;
		};
/* End PBXResourcesBuildPhase section */

/* Begin PBXShellScriptBuildPhase section */
		123882602DAF9411C9255074 /* [CP] Embed Pods Frameworks */ = {
			isa = PBXShellScriptBuildPhase;
			buildActionMask = 2147483647;
			files = (
			);
			inputPaths = (
				"${SRCROOT}/Pods/Target Support Files/Pods-PracticeBuddy/Pods-PracticeBuddy-frameworks.sh",
				"${BUILT_PRODUCTS_DIR}/Alamofire/Alamofire.framework",
				"${BUILT_PRODUCTS_DIR}/DynamicBlurView/DynamicBlurView.framework",
				"${BUILT_PRODUCTS_DIR}/MMDrawerController/MMDrawerController.framework",
				"${BUILT_PRODUCTS_DIR}/SwiftyJSON/SwiftyJSON.framework",
				"${BUILT_PRODUCTS_DIR}/TableViewDragger/TableViewDragger.framework",
			);
			name = "[CP] Embed Pods Frameworks";
			outputPaths = (
				"${TARGET_BUILD_DIR}/${FRAMEWORKS_FOLDER_PATH}/Alamofire.framework",
				"${TARGET_BUILD_DIR}/${FRAMEWORKS_FOLDER_PATH}/DynamicBlurView.framework",
				"${TARGET_BUILD_DIR}/${FRAMEWORKS_FOLDER_PATH}/MMDrawerController.framework",
				"${TARGET_BUILD_DIR}/${FRAMEWORKS_FOLDER_PATH}/SwiftyJSON.framework",
				"${TARGET_BUILD_DIR}/${FRAMEWORKS_FOLDER_PATH}/TableViewDragger.framework",
			);
			runOnlyForDeploymentPostprocessing = 0;
			shellPath = /bin/sh;
			shellScript = "\"${SRCROOT}/Pods/Target Support Files/Pods-PracticeBuddy/Pods-PracticeBuddy-frameworks.sh\"\n";
			showEnvVarsInLog = 0;
		};
		29563E7440F5D4D9B369FC28 /* [CP] Check Pods Manifest.lock */ = {
			isa = PBXShellScriptBuildPhase;
			buildActionMask = 2147483647;
			files = (
			);
			inputPaths = (
				"${PODS_PODFILE_DIR_PATH}/Podfile.lock",
				"${PODS_ROOT}/Manifest.lock",
			);
			name = "[CP] Check Pods Manifest.lock";
			outputPaths = (
				"$(DERIVED_FILE_DIR)/Pods-PracticeBuddy-checkManifestLockResult.txt",
			);
			runOnlyForDeploymentPostprocessing = 0;
			shellPath = /bin/sh;
			shellScript = "diff \"${PODS_PODFILE_DIR_PATH}/Podfile.lock\" \"${PODS_ROOT}/Manifest.lock\" > /dev/null\nif [ $? != 0 ] ; then\n    # print error to STDERR\n    echo \"error: The sandbox is not in sync with the Podfile.lock. Run 'pod install' or update your CocoaPods installation.\" >&2\n    exit 1\nfi\n# This output is used by Xcode 'outputs' to avoid re-running this script phase.\necho \"SUCCESS\" > \"${SCRIPT_OUTPUT_FILE_0}\"\n";
			showEnvVarsInLog = 0;
		};
/* End PBXShellScriptBuildPhase section */

/* Begin PBXSourcesBuildPhase section */
		1A2A6FE4207396C300B4A783 /* Sources */ = {
			isa = PBXSourcesBuildPhase;
			buildActionMask = 2147483647;
			files = (
				1A4189622073BA69003D9684 /* PBStandardUser+CoreDataClass.swift in Sources */,
				1A41895F2073BA69003D9684 /* PBPreference+CoreDataProperties.swift in Sources */,
				1A4189792073BA69003D9684 /* PBFolderAttribute+CoreDataProperties.swift in Sources */,
				1A4189852073BBAC003D9684 /* ManagedObjectContext.swift in Sources */,
				1A2A6FEE207396C300B4A783 /* FilesTableViewController.swift in Sources */,
				1A4189722073BA69003D9684 /* PBDataController+CoreDataClass.swift in Sources */,
				1A4189752073BA69003D9684 /* PBFileAttribute+CoreDataProperties.swift in Sources */,
				1A4189782073BA69003D9684 /* PBFolderAttribute+CoreDataClass.swift in Sources */,
				1A41898B2073BCF5003D9684 /* PBSharedData.swift in Sources */,
				1A4189602073BA69003D9684 /* PBModel+CoreDataClass.swift in Sources */,
				1A41895D2073BA69003D9684 /* PBDataDictionary+CoreDataProperties.swift in Sources */,
				1A4189662073BA69003D9684 /* PBSettingsPreference+CoreDataClass.swift in Sources */,
				1A41897F2073BAC2003D9684 /* KeyValuePair.swift in Sources */,
				1A86D0802073E3B20087C3FF /* SpeechRecognizer.swift in Sources */,
				1A86D0952074380D0087C3FF /* FilesTableViewCell.swift in Sources */,
				1A41898F2073BFE3003D9684 /* Document.swift in Sources */,
				1A41896C2073BA69003D9684 /* PBAudioAttribute+CoreDataClass.swift in Sources */,
				1A41898D2073BF07003D9684 /* UserDataAttribute.swift in Sources */,
				1A2A6FF4207396C300B4A783 /* PracticeBuddy.xcdatamodeld in Sources */,
				1A4189672073BA69003D9684 /* PBSettingsPreference+CoreDataProperties.swift in Sources */,
				1A4189652073BA69003D9684 /* PBTheme+CoreDataProperties.swift in Sources */,
				1A4189642073BA69003D9684 /* PBTheme+CoreDataClass.swift in Sources */,
				1A4189732073BA69003D9684 /* PBDataController+CoreDataProperties.swift in Sources */,
				1A41896B2073BA69003D9684 /* PBFile+CoreDataProperties.swift in Sources */,
				1A86D08A2073FCFD0087C3FF /* AudioPlayerViewController.swift in Sources */,
				1A4189772073BA69003D9684 /* PBFilePermissions+CoreDataProperties.swift in Sources */,
				1A2A6FEC207396C300B4A783 /* AppDelegate.swift in Sources */,
				1A41897C2073BA69003D9684 /* PBDataString+CoreDataClass.swift in Sources */,
				1A41896E2073BA69003D9684 /* PBData+CoreDataClass.swift in Sources */,
				1A41896A2073BA69003D9684 /* PBFile+CoreDataClass.swift in Sources */,
				1A86D0862073E5380087C3FF /* SpeechRecognitionController.swift in Sources */,
				1A86D0822073E3F30087C3FF /* SpeechRecognitionTask.swift in Sources */,
				1A4189742073BA69003D9684 /* PBFileAttribute+CoreDataClass.swift in Sources */,
				1AF2122B2074CF5C00B21632 /* PBPreferences+CoreDataProperties.swift in Sources */,
				1A86D08E207408330087C3FF /* PlayMediaTableTableViewController.swift in Sources */,
				1A41896D2073BA69003D9684 /* PBAudioAttribute+CoreDataProperties.swift in Sources */,
				1A86D08C207402F10087C3FF /* MainTabBarViewController.swift in Sources */,
				1A4189632073BA69003D9684 /* PBStandardUser+CoreDataProperties.swift in Sources */,
				1A41896F2073BA69003D9684 /* PBData+CoreDataProperties.swift in Sources */,
				1A4189612073BA69003D9684 /* PBModel+CoreDataProperties.swift in Sources */,
				1A41895C2073BA69003D9684 /* PBDataDictionary+CoreDataClass.swift in Sources */,
				1A4189932073C26D003D9684 /* PBUser+CoreDataProperties.swift in Sources */,
				1A4189882073BC8B003D9684 /* PBAudioController+CoreDataClass.swift in Sources */,
				1A2A709C2073B13900B4A783 /* DocumentViewController.swift in Sources */,
				1A4189892073BC8B003D9684 /* PBAudioController+CoreDataProperties.swift in Sources */,
				1A2A700920739ACD00B4A783 /* User.swift in Sources */,
				1A4189762073BA69003D9684 /* PBFilePermissions+CoreDataClass.swift in Sources */,
				1A4189702073BA69003D9684 /* PBAudioFile+CoreDataClass.swift in Sources */,
				1A2A709E2073B18C00B4A783 /* DocumentBrowserViewController.swift in Sources */,
				1A4189712073BA69003D9684 /* PBAudioFile+CoreDataProperties.swift in Sources */,
				1A41897D2073BA69003D9684 /* PBDataString+CoreDataProperties.swift in Sources */,
				1A86D09120740A6F0087C3FF /* CustomMediaTableViewCell.swift in Sources */,
				1A4189922073C26D003D9684 /* PBUser+CoreDataClass.swift in Sources */,
				1AF2122A2074CF5C00B21632 /* PBPreferences+CoreDataClass.swift in Sources */,
				1A4189952073C394003D9684 /* SettingsTableViewController.swift in Sources */,
				1A41895E2073BA69003D9684 /* PBPreference+CoreDataClass.swift in Sources */,
				1A86D0882073F9960087C3FF /* MathUtils.swift in Sources */,
			);
			runOnlyForDeploymentPostprocessing = 0;
		};
/* End PBXSourcesBuildPhase section */

/* Begin PBXVariantGroup section */
		1A2A6FEF207396C300B4A783 /* Main.storyboard */ = {
			isa = PBXVariantGroup;
			children = (
				1A2A6FF0207396C300B4A783 /* Base */,
			);
			name = Main.storyboard;
			sourceTree = "<group>";
		};
		1A2A6FF7207396C400B4A783 /* LaunchScreen.storyboard */ = {
			isa = PBXVariantGroup;
			children = (
				1A2A6FF8207396C400B4A783 /* Base */,
			);
			name = LaunchScreen.storyboard;
			sourceTree = "<group>";
		};
/* End PBXVariantGroup section */

/* Begin XCBuildConfiguration section */
		1A2A6FFB207396C400B4A783 /* Debug */ = {
			isa = XCBuildConfiguration;
			buildSettings = {
				ALWAYS_SEARCH_USER_PATHS = NO;
				CLANG_ANALYZER_NONNULL = YES;
				CLANG_ANALYZER_NUMBER_OBJECT_CONVERSION = YES_AGGRESSIVE;
				CLANG_CXX_LANGUAGE_STANDARD = "gnu++14";
				CLANG_CXX_LIBRARY = "libc++";
				CLANG_ENABLE_MODULES = YES;
				CLANG_ENABLE_OBJC_ARC = YES;
				CLANG_ENABLE_OBJC_WEAK = YES;
				CLANG_WARN_BLOCK_CAPTURE_AUTORELEASING = YES;
				CLANG_WARN_BOOL_CONVERSION = YES;
				CLANG_WARN_COMMA = YES;
				CLANG_WARN_CONSTANT_CONVERSION = YES;
				CLANG_WARN_DEPRECATED_OBJC_IMPLEMENTATIONS = YES;
				CLANG_WARN_DIRECT_OBJC_ISA_USAGE = YES_ERROR;
				CLANG_WARN_DOCUMENTATION_COMMENTS = YES;
				CLANG_WARN_EMPTY_BODY = YES;
				CLANG_WARN_ENUM_CONVERSION = YES;
				CLANG_WARN_INFINITE_RECURSION = YES;
				CLANG_WARN_INT_CONVERSION = YES;
				CLANG_WARN_NON_LITERAL_NULL_CONVERSION = YES;
				CLANG_WARN_OBJC_IMPLICIT_RETAIN_SELF = YES;
				CLANG_WARN_OBJC_LITERAL_CONVERSION = YES;
				CLANG_WARN_OBJC_ROOT_CLASS = YES_ERROR;
				CLANG_WARN_RANGE_LOOP_ANALYSIS = YES;
				CLANG_WARN_STRICT_PROTOTYPES = YES;
				CLANG_WARN_SUSPICIOUS_MOVE = YES;
				CLANG_WARN_UNGUARDED_AVAILABILITY = YES_AGGRESSIVE;
				CLANG_WARN_UNREACHABLE_CODE = YES;
				CLANG_WARN__DUPLICATE_METHOD_MATCH = YES;
				CODE_SIGN_IDENTITY = "iPhone Developer";
				COPY_PHASE_STRIP = NO;
				DEBUG_INFORMATION_FORMAT = dwarf;
				ENABLE_STRICT_OBJC_MSGSEND = YES;
				ENABLE_TESTABILITY = YES;
				GCC_C_LANGUAGE_STANDARD = gnu11;
				GCC_DYNAMIC_NO_PIC = NO;
				GCC_NO_COMMON_BLOCKS = YES;
				GCC_OPTIMIZATION_LEVEL = 0;
				GCC_PREPROCESSOR_DEFINITIONS = (
					"DEBUG=1",
					"$(inherited)",
				);
				GCC_WARN_64_TO_32_BIT_CONVERSION = YES;
				GCC_WARN_ABOUT_RETURN_TYPE = YES_ERROR;
				GCC_WARN_UNDECLARED_SELECTOR = YES;
				GCC_WARN_UNINITIALIZED_AUTOS = YES_AGGRESSIVE;
				GCC_WARN_UNUSED_FUNCTION = YES;
				GCC_WARN_UNUSED_VARIABLE = YES;
				IPHONEOS_DEPLOYMENT_TARGET = 11.0;
				MTL_ENABLE_DEBUG_INFO = YES;
				ONLY_ACTIVE_ARCH = YES;
				SDKROOT = iphoneos;
				SWIFT_ACTIVE_COMPILATION_CONDITIONS = DEBUG;
				SWIFT_OPTIMIZATION_LEVEL = "-Onone";
			};
			name = Debug;
		};
		1A2A6FFC207396C400B4A783 /* Release */ = {
			isa = XCBuildConfiguration;
			buildSettings = {
				ALWAYS_SEARCH_USER_PATHS = NO;
				CLANG_ANALYZER_NONNULL = YES;
				CLANG_ANALYZER_NUMBER_OBJECT_CONVERSION = YES_AGGRESSIVE;
				CLANG_CXX_LANGUAGE_STANDARD = "gnu++14";
				CLANG_CXX_LIBRARY = "libc++";
				CLANG_ENABLE_MODULES = YES;
				CLANG_ENABLE_OBJC_ARC = YES;
				CLANG_ENABLE_OBJC_WEAK = YES;
				CLANG_WARN_BLOCK_CAPTURE_AUTORELEASING = YES;
				CLANG_WARN_BOOL_CONVERSION = YES;
				CLANG_WARN_COMMA = YES;
				CLANG_WARN_CONSTANT_CONVERSION = YES;
				CLANG_WARN_DEPRECATED_OBJC_IMPLEMENTATIONS = YES;
				CLANG_WARN_DIRECT_OBJC_ISA_USAGE = YES_ERROR;
				CLANG_WARN_DOCUMENTATION_COMMENTS = YES;
				CLANG_WARN_EMPTY_BODY = YES;
				CLANG_WARN_ENUM_CONVERSION = YES;
				CLANG_WARN_INFINITE_RECURSION = YES;
				CLANG_WARN_INT_CONVERSION = YES;
				CLANG_WARN_NON_LITERAL_NULL_CONVERSION = YES;
				CLANG_WARN_OBJC_IMPLICIT_RETAIN_SELF = YES;
				CLANG_WARN_OBJC_LITERAL_CONVERSION = YES;
				CLANG_WARN_OBJC_ROOT_CLASS = YES_ERROR;
				CLANG_WARN_RANGE_LOOP_ANALYSIS = YES;
				CLANG_WARN_STRICT_PROTOTYPES = YES;
				CLANG_WARN_SUSPICIOUS_MOVE = YES;
				CLANG_WARN_UNGUARDED_AVAILABILITY = YES_AGGRESSIVE;
				CLANG_WARN_UNREACHABLE_CODE = YES;
				CLANG_WARN__DUPLICATE_METHOD_MATCH = YES;
				CODE_SIGN_IDENTITY = "iPhone Developer";
				COPY_PHASE_STRIP = NO;
				DEBUG_INFORMATION_FORMAT = "dwarf-with-dsym";
				ENABLE_NS_ASSERTIONS = NO;
				ENABLE_STRICT_OBJC_MSGSEND = YES;
				GCC_C_LANGUAGE_STANDARD = gnu11;
				GCC_NO_COMMON_BLOCKS = YES;
				GCC_WARN_64_TO_32_BIT_CONVERSION = YES;
				GCC_WARN_ABOUT_RETURN_TYPE = YES_ERROR;
				GCC_WARN_UNDECLARED_SELECTOR = YES;
				GCC_WARN_UNINITIALIZED_AUTOS = YES_AGGRESSIVE;
				GCC_WARN_UNUSED_FUNCTION = YES;
				GCC_WARN_UNUSED_VARIABLE = YES;
				IPHONEOS_DEPLOYMENT_TARGET = 11.0;
				MTL_ENABLE_DEBUG_INFO = NO;
				SDKROOT = iphoneos;
				SWIFT_COMPILATION_MODE = wholemodule;
				SWIFT_OPTIMIZATION_LEVEL = "-O";
				VALIDATE_PRODUCT = YES;
			};
			name = Release;
		};
		1A2A6FFE207396C400B4A783 /* Debug */ = {
			isa = XCBuildConfiguration;
			baseConfigurationReference = 863F1C1EBF98F0AA2EE7DDE3 /* Pods-PracticeBuddy.debug.xcconfig */;
			buildSettings = {
				ASSETCATALOG_COMPILER_APPICON_NAME = AppIcon;
				CODE_SIGN_ENTITLEMENTS = PracticeBuddy/PracticeBuddy.entitlements;
				CODE_SIGN_STYLE = Automatic;
				DEVELOPMENT_TEAM = ZM57TK6EDW;
				INFOPLIST_FILE = PracticeBuddy/Info.plist;
				IPHONEOS_DEPLOYMENT_TARGET = 11.0;
				LD_RUNPATH_SEARCH_PATHS = (
					"$(inherited)",
					"@executable_path/Frameworks",
				);
				PRODUCT_BUNDLE_IDENTIFIER = com.pbstudios.PracticeBuddy;
				PRODUCT_NAME = "$(TARGET_NAME)";
				SWIFT_VERSION = 4.0;
				TARGETED_DEVICE_FAMILY = "1,2";
			};
			name = Debug;
		};
		1A2A6FFF207396C400B4A783 /* Release */ = {
			isa = XCBuildConfiguration;
			baseConfigurationReference = FAFF52DB8EC1410DE2762FA3 /* Pods-PracticeBuddy.release.xcconfig */;
			buildSettings = {
				ASSETCATALOG_COMPILER_APPICON_NAME = AppIcon;
				CODE_SIGN_ENTITLEMENTS = PracticeBuddy/PracticeBuddy.entitlements;
				CODE_SIGN_STYLE = Automatic;
				DEVELOPMENT_TEAM = ZM57TK6EDW;
				INFOPLIST_FILE = PracticeBuddy/Info.plist;
				IPHONEOS_DEPLOYMENT_TARGET = 11.0;
				LD_RUNPATH_SEARCH_PATHS = (
					"$(inherited)",
					"@executable_path/Frameworks",
				);
				PRODUCT_BUNDLE_IDENTIFIER = com.pbstudios.PracticeBuddy;
				PRODUCT_NAME = "$(TARGET_NAME)";
				SWIFT_VERSION = 4.0;
				TARGETED_DEVICE_FAMILY = "1,2";
			};
			name = Release;
		};
/* End XCBuildConfiguration section */

/* Begin XCConfigurationList section */
		1A2A6FE3207396C300B4A783 /* Build configuration list for PBXProject "PracticeBuddy" */ = {
			isa = XCConfigurationList;
			buildConfigurations = (
				1A2A6FFB207396C400B4A783 /* Debug */,
				1A2A6FFC207396C400B4A783 /* Release */,
			);
			defaultConfigurationIsVisible = 0;
			defaultConfigurationName = Release;
		};
		1A2A6FFD207396C400B4A783 /* Build configuration list for PBXNativeTarget "PracticeBuddy" */ = {
			isa = XCConfigurationList;
			buildConfigurations = (
				1A2A6FFE207396C400B4A783 /* Debug */,
				1A2A6FFF207396C400B4A783 /* Release */,
			);
			defaultConfigurationIsVisible = 0;
			defaultConfigurationName = Release;
		};
/* End XCConfigurationList section */

/* Begin XCVersionGroup section */
		1A2A6FF2207396C300B4A783 /* PracticeBuddy.xcdatamodeld */ = {
			isa = XCVersionGroup;
			children = (
				1A2A6FF3207396C300B4A783 /* PracticeBuddy.xcdatamodel */,
			);
			currentVersion = 1A2A6FF3207396C300B4A783 /* PracticeBuddy.xcdatamodel */;
			path = PracticeBuddy.xcdatamodeld;
			sourceTree = "<group>";
			versionGroupType = wrapper.xcdatamodel;
		};
/* End XCVersionGroup section */
	};
	rootObject = 1A2A6FE0207396C300B4A783 /* Project object */;
}
