// !$*UTF8*$!
{
	archiveVersion = 1;
	classes = {
	};
	objectVersion = 50;
	objects = {

/* Begin PBXBuildFile section */
		1A2A6FEC207396C300B4A783 /* AppDelegate.swift in Sources */ = {isa = PBXBuildFile; fileRef = 1A2A6FEB207396C300B4A783 /* AppDelegate.swift */; };
		1A2A6FEE207396C300B4A783 /* ViewController.swift in Sources */ = {isa = PBXBuildFile; fileRef = 1A2A6FED207396C300B4A783 /* ViewController.swift */; };
		1A2A6FF1207396C300B4A783 /* Main.storyboard in Resources */ = {isa = PBXBuildFile; fileRef = 1A2A6FEF207396C300B4A783 /* Main.storyboard */; };
		1A2A6FF4207396C300B4A783 /* PracticeBuddy.xcdatamodeld in Sources */ = {isa = PBXBuildFile; fileRef = 1A2A6FF2207396C300B4A783 /* PracticeBuddy.xcdatamodeld */; };
		1A2A6FF6207396C400B4A783 /* Assets.xcassets in Resources */ = {isa = PBXBuildFile; fileRef = 1A2A6FF5207396C400B4A783 /* Assets.xcassets */; };
		1A2A6FF9207396C400B4A783 /* LaunchScreen.storyboard in Resources */ = {isa = PBXBuildFile; fileRef = 1A2A6FF7207396C400B4A783 /* LaunchScreen.storyboard */; };
/* End PBXBuildFile section */

/* Begin PBXFileReference section */
		1A2A6FE8207396C300B4A783 /* PracticeBuddy.app */ = {isa = PBXFileReference; explicitFileType = wrapper.application; includeInIndex = 0; path = PracticeBuddy.app; sourceTree = BUILT_PRODUCTS_DIR; };
		1A2A6FEB207396C300B4A783 /* AppDelegate.swift */ = {isa = PBXFileReference; lastKnownFileType = sourcecode.swift; path = AppDelegate.swift; sourceTree = "<group>"; };
		1A2A6FED207396C300B4A783 /* ViewController.swift */ = {isa = PBXFileReference; lastKnownFileType = sourcecode.swift; path = ViewController.swift; sourceTree = "<group>"; };
		1A2A6FF0207396C300B4A783 /* Base */ = {isa = PBXFileReference; lastKnownFileType = file.storyboard; name = Base; path = Base.lproj/Main.storyboard; sourceTree = "<group>"; };
		1A2A6FF3207396C300B4A783 /* PracticeBuddy.xcdatamodel */ = {isa = PBXFileReference; lastKnownFileType = wrapper.xcdatamodel; path = PracticeBuddy.xcdatamodel; sourceTree = "<group>"; };
		1A2A6FF5207396C400B4A783 /* Assets.xcassets */ = {isa = PBXFileReference; lastKnownFileType = folder.assetcatalog; path = Assets.xcassets; sourceTree = "<group>"; };
		1A2A6FF8207396C400B4A783 /* Base */ = {isa = PBXFileReference; lastKnownFileType = file.storyboard; name = Base; path = Base.lproj/LaunchScreen.storyboard; sourceTree = "<group>"; };
		1A2A6FFA207396C400B4A783 /* Info.plist */ = {isa = PBXFileReference; lastKnownFileType = text.plist.xml; path = Info.plist; sourceTree = "<group>"; };
/* End PBXFileReference section */

/* Begin PBXFrameworksBuildPhase section */
		1A2A6FE5207396C300B4A783 /* Frameworks */ = {
			isa = PBXFrameworksBuildPhase;
			buildActionMask = 2147483647;
			files = (
			);
			runOnlyForDeploymentPostprocessing = 0;
		};
/* End PBXFrameworksBuildPhase section */

/* Begin PBXGroup section */
		1A2A6FDF207396C300B4A783 = {
			isa = PBXGroup;
			children = (
				1A2A6FEA207396C300B4A783 /* PracticeBuddy */,
				1A2A6FE9207396C300B4A783 /* Products */,
			);
			sourceTree = "<group>";
		};
		1A2A6FE9207396C300B4A783 /* Products */ = {
			isa = PBXGroup;
			children = (
				1A2A6FE8207396C300B4A783 /* PracticeBuddy.app */,
			);
			name = Products;
			sourceTree = "<group>";
		};
		1A2A6FEA207396C300B4A783 /* PracticeBuddy */ = {
			isa = PBXGroup;
			children = (
				1A2A6FEB207396C300B4A783 /* AppDelegate.swift */,
				1A2A6FED207396C300B4A783 /* ViewController.swift */,
				1A2A6FEF207396C300B4A783 /* Main.storyboard */,
				1A2A6FF5207396C400B4A783 /* Assets.xcassets */,
				1A2A6FF7207396C400B4A783 /* LaunchScreen.storyboard */,
				1A2A6FFA207396C400B4A783 /* Info.plist */,
				1A2A6FF2207396C300B4A783 /* PracticeBuddy.xcdatamodeld */,
			);
			path = PracticeBuddy;
			sourceTree = "<group>";
		};
/* End PBXGroup section */

/* Begin PBXNativeTarget section */
		1A2A6FE7207396C300B4A783 /* PracticeBuddy */ = {
			isa = PBXNativeTarget;
			buildConfigurationList = 1A2A6FFD207396C400B4A783 /* Build configuration list for PBXNativeTarget "PracticeBuddy" */;
			buildPhases = (
				1A2A6FE4207396C300B4A783 /* Sources */,
				1A2A6FE5207396C300B4A783 /* Frameworks */,
				1A2A6FE6207396C300B4A783 /* Resources */,
			);
			buildRules = (
			);
			dependencies = (
			);
			name = PracticeBuddy;
			productName = PracticeBuddy;
			productReference = 1A2A6FE8207396C300B4A783 /* PracticeBuddy.app */;
			productType = "com.apple.product-type.application";
		};
/* End PBXNativeTarget section */

/* Begin PBXProject section */
		1A2A6FE0207396C300B4A783 /* Project object */ = {
			isa = PBXProject;
			attributes = {
				LastSwiftUpdateCheck = 0930;
				LastUpgradeCheck = 0930;
				ORGANIZATIONNAME = "PB Studios";
				TargetAttributes = {
					1A2A6FE7207396C300B4A783 = {
						CreatedOnToolsVersion = 9.3;
					};
				};
			};
			buildConfigurationList = 1A2A6FE3207396C300B4A783 /* Build configuration list for PBXProject "PracticeBuddy" */;
			compatibilityVersion = "Xcode 9.3";
			developmentRegion = en;
			hasScannedForEncodings = 0;
			knownRegions = (
				en,
				Base,
			);
			mainGroup = 1A2A6FDF207396C300B4A783;
			productRefGroup = 1A2A6FE9207396C300B4A783 /* Products */;
			projectDirPath = "";
			projectRoot = "";
			targets = (
				1A2A6FE7207396C300B4A783 /* PracticeBuddy */,
			);
		};
/* End PBXProject section */

/* Begin PBXResourcesBuildPhase section */
		1A2A6FE6207396C300B4A783 /* Resources */ = {
			isa = PBXResourcesBuildPhase;
			buildActionMask = 2147483647;
			files = (
				1A2A6FF9207396C400B4A783 /* LaunchScreen.storyboard in Resources */,
				1A2A6FF6207396C400B4A783 /* Assets.xcassets in Resources */,
				1A2A6FF1207396C300B4A783 /* Main.storyboard in Resources */,
			);
			runOnlyForDeploymentPostprocessing = 0;
		};
/* End PBXResourcesBuildPhase section */

/* Begin PBXSourcesBuildPhase section */
		1A2A6FE4207396C300B4A783 /* Sources */ = {
			isa = PBXSourcesBuildPhase;
			buildActionMask = 2147483647;
			files = (
				1A2A6FEE207396C300B4A783 /* ViewController.swift in Sources */,
				1A2A6FF4207396C300B4A783 /* PracticeBuddy.xcdatamodeld in Sources */,
				1A2A6FEC207396C300B4A783 /* AppDelegate.swift in Sources */,
			);
			runOnlyForDeploymentPostprocessing = 0;
		};
/* End PBXSourcesBuildPhase section */

/* Begin PBXVariantGroup section */
		1A2A6FEF207396C300B4A783 /* Main.storyboard */ = {
			isa = PBXVariantGroup;
			children = (
				1A2A6FF0207396C300B4A783 /* Base */,
			);
			name = Main.storyboard;
			sourceTree = "<group>";
		};
		1A2A6FF7207396C400B4A783 /* LaunchScreen.storyboard */ = {
			isa = PBXVariantGroup;
			children = (
				1A2A6FF8207396C400B4A783 /* Base */,
			);
			name = LaunchScreen.storyboard;
			sourceTree = "<group>";
		};
/* End PBXVariantGroup section */

/* Begin XCBuildConfiguration section */
		1A2A6FFB207396C400B4A783 /* Debug */ = {
			isa = XCBuildConfiguration;
			buildSettings = {
				ALWAYS_SEARCH_USER_PATHS = NO;
				CLANG_ANALYZER_NONNULL = YES;
				CLANG_ANALYZER_NUMBER_OBJECT_CONVERSION = YES_AGGRESSIVE;
				CLANG_CXX_LANGUAGE_STANDARD = "gnu++14";
				CLANG_CXX_LIBRARY = "libc++";
				CLANG_ENABLE_MODULES = YES;
				CLANG_ENABLE_OBJC_ARC = YES;
				CLANG_ENABLE_OBJC_WEAK = YES;
				CLANG_WARN_BLOCK_CAPTURE_AUTORELEASING = YES;
				CLANG_WARN_BOOL_CONVERSION = YES;
				CLANG_WARN_COMMA = YES;
				CLANG_WARN_CONSTANT_CONVERSION = YES;
				CLANG_WARN_DEPRECATED_OBJC_IMPLEMENTATIONS = YES;
				CLANG_WARN_DIRECT_OBJC_ISA_USAGE = YES_ERROR;
				CLANG_WARN_DOCUMENTATION_COMMENTS = YES;
				CLANG_WARN_EMPTY_BODY = YES;
				CLANG_WARN_ENUM_CONVERSION = YES;
				CLANG_WARN_INFINITE_RECURSION = YES;
				CLANG_WARN_INT_CONVERSION = YES;
				CLANG_WARN_NON_LITERAL_NULL_CONVERSION = YES;
				CLANG_WARN_OBJC_IMPLICIT_RETAIN_SELF = YES;
				CLANG_WARN_OBJC_LITERAL_CONVERSION = YES;
				CLANG_WARN_OBJC_ROOT_CLASS = YES_ERROR;
				CLANG_WARN_RANGE_LOOP_ANALYSIS = YES;
				CLANG_WARN_STRICT_PROTOTYPES = YES;
				CLANG_WARN_SUSPICIOUS_MOVE = YES;
				CLANG_WARN_UNGUARDED_AVAILABILITY = YES_AGGRESSIVE;
				CLANG_WARN_UNREACHABLE_CODE = YES;
				CLANG_WARN__DUPLICATE_METHOD_MATCH = YES;
				CODE_SIGN_IDENTITY = "iPhone Developer";
				COPY_PHASE_STRIP = NO;
				DEBUG_INFORMATION_FORMAT = dwarf;
				ENABLE_STRICT_OBJC_MSGSEND = YES;
				ENABLE_TESTABILITY = YES;
				GCC_C_LANGUAGE_STANDARD = gnu11;
				GCC_DYNAMIC_NO_PIC = NO;
				GCC_NO_COMMON_BLOCKS = YES;
				GCC_OPTIMIZATION_LEVEL = 0;
				GCC_PREPROCESSOR_DEFINITIONS = (
					"DEBUG=1",
					"$(inherited)",
				);
				GCC_WARN_64_TO_32_BIT_CONVERSION = YES;
				GCC_WARN_ABOUT_RETURN_TYPE = YES_ERROR;
				GCC_WARN_UNDECLARED_SELECTOR = YES;
				GCC_WARN_UNINITIALIZED_AUTOS = YES_AGGRESSIVE;
				GCC_WARN_UNUSED_FUNCTION = YES;
				GCC_WARN_UNUSED_VARIABLE = YES;
				IPHONEOS_DEPLOYMENT_TARGET = 11.3;
				MTL_ENABLE_DEBUG_INFO = YES;
				ONLY_ACTIVE_ARCH = YES;
				SDKROOT = iphoneos;
				SWIFT_ACTIVE_COMPILATION_CONDITIONS = DEBUG;
				SWIFT_OPTIMIZATION_LEVEL = "-Onone";
			};
			name = Debug;
		};
		1A2A6FFC207396C400B4A783 /* Release */ = {
			isa = XCBuildConfiguration;
			buildSettings = {
				ALWAYS_SEARCH_USER_PATHS = NO;
				CLANG_ANALYZER_NONNULL = YES;
				CLANG_ANALYZER_NUMBER_OBJECT_CONVERSION = YES_AGGRESSIVE;
				CLANG_CXX_LANGUAGE_STANDARD = "gnu++14";
				CLANG_CXX_LIBRARY = "libc++";
				CLANG_ENABLE_MODULES = YES;
				CLANG_ENABLE_OBJC_ARC = YES;
				CLANG_ENABLE_OBJC_WEAK = YES;
				CLANG_WARN_BLOCK_CAPTURE_AUTORELEASING = YES;
				CLANG_WARN_BOOL_CONVERSION = YES;
				CLANG_WARN_COMMA = YES;
				CLANG_WARN_CONSTANT_CONVERSION = YES;
				CLANG_WARN_DEPRECATED_OBJC_IMPLEMENTATIONS = YES;
				CLANG_WARN_DIRECT_OBJC_ISA_USAGE = YES_ERROR;
				CLANG_WARN_DOCUMENTATION_COMMENTS = YES;
				CLANG_WARN_EMPTY_BODY = YES;
				CLANG_WARN_ENUM_CONVERSION = YES;
				CLANG_WARN_INFINITE_RECURSION = YES;
				CLANG_WARN_INT_CONVERSION = YES;
				CLANG_WARN_NON_LITERAL_NULL_CONVERSION = YES;
				CLANG_WARN_OBJC_IMPLICIT_RETAIN_SELF = YES;
				CLANG_WARN_OBJC_LITERAL_CONVERSION = YES;
				CLANG_WARN_OBJC_ROOT_CLASS = YES_ERROR;
				CLANG_WARN_RANGE_LOOP_ANALYSIS = YES;
				CLANG_WARN_STRICT_PROTOTYPES = YES;
				CLANG_WARN_SUSPICIOUS_MOVE = YES;
				CLANG_WARN_UNGUARDED_AVAILABILITY = YES_AGGRESSIVE;
				CLANG_WARN_UNREACHABLE_CODE = YES;
				CLANG_WARN__DUPLICATE_METHOD_MATCH = YES;
				CODE_SIGN_IDENTITY = "iPhone Developer";
				COPY_PHASE_STRIP = NO;
				DEBUG_INFORMATION_FORMAT = "dwarf-with-dsym";
				ENABLE_NS_ASSERTIONS = NO;
				ENABLE_STRICT_OBJC_MSGSEND = YES;
				GCC_C_LANGUAGE_STANDARD = gnu11;
				GCC_NO_COMMON_BLOCKS = YES;
				GCC_WARN_64_TO_32_BIT_CONVERSION = YES;
				GCC_WARN_ABOUT_RETURN_TYPE = YES_ERROR;
				GCC_WARN_UNDECLARED_SELECTOR = YES;
				GCC_WARN_UNINITIALIZED_AUTOS = YES_AGGRESSIVE;
				GCC_WARN_UNUSED_FUNCTION = YES;
				GCC_WARN_UNUSED_VARIABLE = YES;
				IPHONEOS_DEPLOYMENT_TARGET = 11.3;
				MTL_ENABLE_DEBUG_INFO = NO;
				SDKROOT = iphoneos;
				SWIFT_COMPILATION_MODE = wholemodule;
				SWIFT_OPTIMIZATION_LEVEL = "-O";
				VALIDATE_PRODUCT = YES;
			};
			name = Release;
		};
		1A2A6FFE207396C400B4A783 /* Debug */ = {
			isa = XCBuildConfiguration;
			buildSettings = {
				ASSETCATALOG_COMPILER_APPICON_NAME = AppIcon;
				CODE_SIGN_STYLE = Automatic;
				DEVELOPMENT_TEAM = ZM57TK6EDW;
				INFOPLIST_FILE = PracticeBuddy/Info.plist;
				LD_RUNPATH_SEARCH_PATHS = (
					"$(inherited)",
					"@executable_path/Frameworks",
				);
				PRODUCT_BUNDLE_IDENTIFIER = com.pbstudios.PracticeBuddy;
				PRODUCT_NAME = "$(TARGET_NAME)";
				SWIFT_VERSION = 4.0;
				TARGETED_DEVICE_FAMILY = "1,2";
			};
			name = Debug;
		};
		1A2A6FFF207396C400B4A783 /* Release */ = {
			isa = XCBuildConfiguration;
			buildSettings = {
				ASSETCATALOG_COMPILER_APPICON_NAME = AppIcon;
				CODE_SIGN_STYLE = Automatic;
				DEVELOPMENT_TEAM = ZM57TK6EDW;
				INFOPLIST_FILE = PracticeBuddy/Info.plist;
				LD_RUNPATH_SEARCH_PATHS = (
					"$(inherited)",
					"@executable_path/Frameworks",
				);
				PRODUCT_BUNDLE_IDENTIFIER = com.pbstudios.PracticeBuddy;
				PRODUCT_NAME = "$(TARGET_NAME)";
				SWIFT_VERSION = 4.0;
				TARGETED_DEVICE_FAMILY = "1,2";
			};
			name = Release;
		};
/* End XCBuildConfiguration section */

/* Begin XCConfigurationList section */
		1A2A6FE3207396C300B4A783 /* Build configuration list for PBXProject "PracticeBuddy" */ = {
			isa = XCConfigurationList;
			buildConfigurations = (
				1A2A6FFB207396C400B4A783 /* Debug */,
				1A2A6FFC207396C400B4A783 /* Release */,
			);
			defaultConfigurationIsVisible = 0;
			defaultConfigurationName = Release;
		};
		1A2A6FFD207396C400B4A783 /* Build configuration list for PBXNativeTarget "PracticeBuddy" */ = {
			isa = XCConfigurationList;
			buildConfigurations = (
				1A2A6FFE207396C400B4A783 /* Debug */,
				1A2A6FFF207396C400B4A783 /* Release */,
			);
			defaultConfigurationIsVisible = 0;
			defaultConfigurationName = Release;
		};
/* End XCConfigurationList section */

/* Begin XCVersionGroup section */
		1A2A6FF2207396C300B4A783 /* PracticeBuddy.xcdatamodeld */ = {
			isa = XCVersionGroup;
			children = (
				1A2A6FF3207396C300B4A783 /* PracticeBuddy.xcdatamodel */,
			);
			currentVersion = 1A2A6FF3207396C300B4A783 /* PracticeBuddy.xcdatamodel */;
			path = PracticeBuddy.xcdatamodeld;
			sourceTree = "<group>";
			versionGroupType = wrapper.xcdatamodel;
		};
/* End XCVersionGroup section */
	};
	rootObject = 1A2A6FE0207396C300B4A783 /* Project object */;
}
